
Microsoft Visual Studio Solution File, Format Version 12.00
# Visual Studio Version 17
VisualStudioVersion = 17.0.31903.59
MinimumVisualStudioVersion = 10.0.40219.1
Project("{2150E333-8FDC-42A3-9474-1A3956D46DE8}") = "src", "src", "{827E0CD3-B72D-47B6-A68D-7590B98EB39B}"
EndProject
Project("{FAE04EC0-301F-11D3-BF4B-00C04F79EFBC}") = "AzureProvisioningGeneratorClone", "src\AzureProvisioningGeneratorClone\AzureProvisioningGeneratorClone.csproj", "{88BF4E61-39B7-4AFF-1C2E-540242D4ABFE}"
EndProject
Project("{2150E333-8FDC-42A3-9474-1A3956D46DE8}") = "Solution Items", "Solution Items", "{C3315FDA-4225-4F9C-B61B-30661D1CF392}"
	ProjectSection(SolutionItems) = preProject
		.editorconfig = .editorconfig
		.gitignore = .gitignore
		Directory.Build.props = Directory.Build.props
		Directory.Packages.props = Directory.Packages.props
		global.json = global.json
		README.md = README.md
	EndProjectSection
EndProject
Project("{FAE04EC0-301F-11D3-BF4B-00C04F79EFBC}") = "Meta.Azure.Provisioning", "src\Meta.Azure.Provisioning\Meta.Azure.Provisioning.csproj", "{DF7041C4-00A5-4427-89FA-973C7B9F373B}"
EndProject
Project("{2150E333-8FDC-42A3-9474-1A3956D46DE8}") = "samplesrc", "samplesrc", "{D92500F6-FC3D-493A-9D76-7C0363AFA703}"
EndProject
Project("{FAE04EC0-301F-11D3-BF4B-00C04F79EFBC}") = "BicepAsCode", "samplesrc\BicepAsCode\BicepAsCode.csproj", "{07A16AF4-7212-47E3-B526-D56A9C6F4BC4}"
EndProject
Project("{2150E333-8FDC-42A3-9474-1A3956D46DE8}") = ".github", ".github", "{112512FC-2005-47E7-865F-1FC377F5619B}"
EndProject
Project("{2150E333-8FDC-42A3-9474-1A3956D46DE8}") = "workflows", "workflows", "{985DFE51-D23F-456F-97EC-00939467B527}"
	ProjectSection(SolutionItems) = preProject
		.github\workflows\publish-nuget-package.yml = .github\workflows\publish-nuget-package.yml
	EndProjectSection
EndProject
Project("{2150E333-8FDC-42A3-9474-1A3956D46DE8}") = "iac", "iac", "{B233FF20-DBD6-4A5D-B877-DDECDF438242}"
EndProject
Project("{FAE04EC0-301F-11D3-BF4B-00C04F79EFBC}") = "DetermineIfPublishNecessary", "iac\DetermineIfPublishNecessary\DetermineIfPublishNecessary.csproj", "{6E9AA8AA-1E7F-48B0-ACF2-6E5851FD6D8B}"
EndProject
Project("{FAE04EC0-301F-11D3-BF4B-00C04F79EFBC}") = "PublishToNuget", "iac\PublishToNuget\PublishToNuget.csproj", "{AAA7399D-B78F-4D8A-B584-610F92D04A55}"
EndProject
Project("{2150E333-8FDC-42A3-9474-1A3956D46DE8}") = "tools", "tools", "{2E16FB40-2503-4C7E-A842-47248181DD83}"
EndProject
Project("{FAE04EC0-301F-11D3-BF4B-00C04F79EFBC}") = "SourceSync", "tools\SourceSync\SourceSync.csproj", "{98F9B0E5-A4C8-4FF0-A79F-2DC5844B4CDD}"
EndProject
Global
	GlobalSection(SolutionConfigurationPlatforms) = preSolution
		Debug|Any CPU = Debug|Any CPU
		Debug|x64 = Debug|x64
		Debug|x86 = Debug|x86
		Release|Any CPU = Release|Any CPU
		Release|x64 = Release|x64
		Release|x86 = Release|x86
	EndGlobalSection
	GlobalSection(ProjectConfigurationPlatforms) = postSolution
		{88BF4E61-39B7-4AFF-1C2E-540242D4ABFE}.Debug|Any CPU.ActiveCfg = Debug|Any CPU
		{88BF4E61-39B7-4AFF-1C2E-540242D4ABFE}.Debug|Any CPU.Build.0 = Debug|Any CPU
		{88BF4E61-39B7-4AFF-1C2E-540242D4ABFE}.Debug|x64.ActiveCfg = Debug|Any CPU
		{88BF4E61-39B7-4AFF-1C2E-540242D4ABFE}.Debug|x64.Build.0 = Debug|Any CPU
		{88BF4E61-39B7-4AFF-1C2E-540242D4ABFE}.Debug|x86.ActiveCfg = Debug|Any CPU
		{88BF4E61-39B7-4AFF-1C2E-540242D4ABFE}.Debug|x86.Build.0 = Debug|Any CPU
		{88BF4E61-39B7-4AFF-1C2E-540242D4ABFE}.Release|Any CPU.ActiveCfg = Release|Any CPU
		{88BF4E61-39B7-4AFF-1C2E-540242D4ABFE}.Release|Any CPU.Build.0 = Release|Any CPU
		{88BF4E61-39B7-4AFF-1C2E-540242D4ABFE}.Release|x64.ActiveCfg = Release|Any CPU
		{88BF4E61-39B7-4AFF-1C2E-540242D4ABFE}.Release|x64.Build.0 = Release|Any CPU
		{88BF4E61-39B7-4AFF-1C2E-540242D4ABFE}.Release|x86.ActiveCfg = Release|Any CPU
		{88BF4E61-39B7-4AFF-1C2E-540242D4ABFE}.Release|x86.Build.0 = Release|Any CPU
		{DF7041C4-00A5-4427-89FA-973C7B9F373B}.Debug|Any CPU.ActiveCfg = Debug|Any CPU
		{DF7041C4-00A5-4427-89FA-973C7B9F373B}.Debug|Any CPU.Build.0 = Debug|Any CPU
		{DF7041C4-00A5-4427-89FA-973C7B9F373B}.Debug|x64.ActiveCfg = Debug|Any CPU
		{DF7041C4-00A5-4427-89FA-973C7B9F373B}.Debug|x64.Build.0 = Debug|Any CPU
		{DF7041C4-00A5-4427-89FA-973C7B9F373B}.Debug|x86.ActiveCfg = Debug|Any CPU
		{DF7041C4-00A5-4427-89FA-973C7B9F373B}.Debug|x86.Build.0 = Debug|Any CPU
		{DF7041C4-00A5-4427-89FA-973C7B9F373B}.Release|Any CPU.ActiveCfg = Release|Any CPU
		{DF7041C4-00A5-4427-89FA-973C7B9F373B}.Release|Any CPU.Build.0 = Release|Any CPU
		{DF7041C4-00A5-4427-89FA-973C7B9F373B}.Release|x64.ActiveCfg = Release|Any CPU
		{DF7041C4-00A5-4427-89FA-973C7B9F373B}.Release|x64.Build.0 = Release|Any CPU
		{DF7041C4-00A5-4427-89FA-973C7B9F373B}.Release|x86.ActiveCfg = Release|Any CPU
		{DF7041C4-00A5-4427-89FA-973C7B9F373B}.Release|x86.Build.0 = Release|Any CPU
		{07A16AF4-7212-47E3-B526-D56A9C6F4BC4}.Debug|Any CPU.ActiveCfg = Debug|Any CPU
		{07A16AF4-7212-47E3-B526-D56A9C6F4BC4}.Debug|Any CPU.Build.0 = Debug|Any CPU
		{07A16AF4-7212-47E3-B526-D56A9C6F4BC4}.Debug|x64.ActiveCfg = Debug|Any CPU
		{07A16AF4-7212-47E3-B526-D56A9C6F4BC4}.Debug|x64.Build.0 = Debug|Any CPU
		{07A16AF4-7212-47E3-B526-D56A9C6F4BC4}.Debug|x86.ActiveCfg = Debug|Any CPU
		{07A16AF4-7212-47E3-B526-D56A9C6F4BC4}.Debug|x86.Build.0 = Debug|Any CPU
		{07A16AF4-7212-47E3-B526-D56A9C6F4BC4}.Release|Any CPU.ActiveCfg = Release|Any CPU
		{07A16AF4-7212-47E3-B526-D56A9C6F4BC4}.Release|Any CPU.Build.0 = Release|Any CPU
		{07A16AF4-7212-47E3-B526-D56A9C6F4BC4}.Release|x64.ActiveCfg = Release|Any CPU
		{07A16AF4-7212-47E3-B526-D56A9C6F4BC4}.Release|x64.Build.0 = Release|Any CPU
		{07A16AF4-7212-47E3-B526-D56A9C6F4BC4}.Release|x86.ActiveCfg = Release|Any CPU
		{07A16AF4-7212-47E3-B526-D56A9C6F4BC4}.Release|x86.Build.0 = Release|Any CPU
		{6E9AA8AA-1E7F-48B0-ACF2-6E5851FD6D8B}.Debug|Any CPU.ActiveCfg = Debug|Any CPU
		{6E9AA8AA-1E7F-48B0-ACF2-6E5851FD6D8B}.Debug|Any CPU.Build.0 = Debug|Any CPU
		{6E9AA8AA-1E7F-48B0-ACF2-6E5851FD6D8B}.Debug|x64.ActiveCfg = Debug|Any CPU
		{6E9AA8AA-1E7F-48B0-ACF2-6E5851FD6D8B}.Debug|x64.Build.0 = Debug|Any CPU
		{6E9AA8AA-1E7F-48B0-ACF2-6E5851FD6D8B}.Debug|x86.ActiveCfg = Debug|Any CPU
		{6E9AA8AA-1E7F-48B0-ACF2-6E5851FD6D8B}.Debug|x86.Build.0 = Debug|Any CPU
		{6E9AA8AA-1E7F-48B0-ACF2-6E5851FD6D8B}.Release|Any CPU.ActiveCfg = Release|Any CPU
		{6E9AA8AA-1E7F-48B0-ACF2-6E5851FD6D8B}.Release|Any CPU.Build.0 = Release|Any CPU
		{6E9AA8AA-1E7F-48B0-ACF2-6E5851FD6D8B}.Release|x64.ActiveCfg = Release|Any CPU
		{6E9AA8AA-1E7F-48B0-ACF2-6E5851FD6D8B}.Release|x64.Build.0 = Release|Any CPU
		{6E9AA8AA-1E7F-48B0-ACF2-6E5851FD6D8B}.Release|x86.ActiveCfg = Release|Any CPU
		{6E9AA8AA-1E7F-48B0-ACF2-6E5851FD6D8B}.Release|x86.Build.0 = Release|Any CPU
		{AAA7399D-B78F-4D8A-B584-610F92D04A55}.Debug|Any CPU.ActiveCfg = Debug|Any CPU
		{AAA7399D-B78F-4D8A-B584-610F92D04A55}.Debug|Any CPU.Build.0 = Debug|Any CPU
		{AAA7399D-B78F-4D8A-B584-610F92D04A55}.Debug|x64.ActiveCfg = Debug|Any CPU
		{AAA7399D-B78F-4D8A-B584-610F92D04A55}.Debug|x64.Build.0 = Debug|Any CPU
		{AAA7399D-B78F-4D8A-B584-610F92D04A55}.Debug|x86.ActiveCfg = Debug|Any CPU
		{AAA7399D-B78F-4D8A-B584-610F92D04A55}.Debug|x86.Build.0 = Debug|Any CPU
		{AAA7399D-B78F-4D8A-B584-610F92D04A55}.Release|Any CPU.ActiveCfg = Release|Any CPU
		{AAA7399D-B78F-4D8A-B584-610F92D04A55}.Release|Any CPU.Build.0 = Release|Any CPU
		{AAA7399D-B78F-4D8A-B584-610F92D04A55}.Release|x64.ActiveCfg = Release|Any CPU
		{AAA7399D-B78F-4D8A-B584-610F92D04A55}.Release|x64.Build.0 = Release|Any CPU
		{AAA7399D-B78F-4D8A-B584-610F92D04A55}.Release|x86.ActiveCfg = Release|Any CPU
		{AAA7399D-B78F-4D8A-B584-610F92D04A55}.Release|x86.Build.0 = Release|Any CPU
		{98F9B0E5-A4C8-4FF0-A79F-2DC5844B4CDD}.Debug|Any CPU.ActiveCfg = Debug|Any CPU
		{98F9B0E5-A4C8-4FF0-A79F-2DC5844B4CDD}.Debug|Any CPU.Build.0 = Debug|Any CPU
		{98F9B0E5-A4C8-4FF0-A79F-2DC5844B4CDD}.Debug|x64.ActiveCfg = Debug|Any CPU
		{98F9B0E5-A4C8-4FF0-A79F-2DC5844B4CDD}.Debug|x64.Build.0 = Debug|Any CPU
		{98F9B0E5-A4C8-4FF0-A79F-2DC5844B4CDD}.Debug|x86.ActiveCfg = Debug|Any CPU
		{98F9B0E5-A4C8-4FF0-A79F-2DC5844B4CDD}.Debug|x86.Build.0 = Debug|Any CPU
		{98F9B0E5-A4C8-4FF0-A79F-2DC5844B4CDD}.Release|Any CPU.ActiveCfg = Release|Any CPU
		{98F9B0E5-A4C8-4FF0-A79F-2DC5844B4CDD}.Release|Any CPU.Build.0 = Release|Any CPU
		{98F9B0E5-A4C8-4FF0-A79F-2DC5844B4CDD}.Release|x64.ActiveCfg = Release|Any CPU
		{98F9B0E5-A4C8-4FF0-A79F-2DC5844B4CDD}.Release|x64.Build.0 = Release|Any CPU
		{98F9B0E5-A4C8-4FF0-A79F-2DC5844B4CDD}.Release|x86.ActiveCfg = Release|Any CPU
		{98F9B0E5-A4C8-4FF0-A79F-2DC5844B4CDD}.Release|x86.Build.0 = Release|Any CPU
	EndGlobalSection
	GlobalSection(SolutionProperties) = preSolution
		HideSolutionNode = FALSE
	EndGlobalSection
	GlobalSection(NestedProjects) = preSolution
		{88BF4E61-39B7-4AFF-1C2E-540242D4ABFE} = {827E0CD3-B72D-47B6-A68D-7590B98EB39B}
		{DF7041C4-00A5-4427-89FA-973C7B9F373B} = {827E0CD3-B72D-47B6-A68D-7590B98EB39B}
		{07A16AF4-7212-47E3-B526-D56A9C6F4BC4} = {D92500F6-FC3D-493A-9D76-7C0363AFA703}
		{985DFE51-D23F-456F-97EC-00939467B527} = {112512FC-2005-47E7-865F-1FC377F5619B}
		{6E9AA8AA-1E7F-48B0-ACF2-6E5851FD6D8B} = {B233FF20-DBD6-4A5D-B877-DDECDF438242}
		{AAA7399D-B78F-4D8A-B584-610F92D04A55} = {B233FF20-DBD6-4A5D-B877-DDECDF438242}
		{98F9B0E5-A4C8-4FF0-A79F-2DC5844B4CDD} = {2E16FB40-2503-4C7E-A842-47248181DD83}
	EndGlobalSection
EndGlobal
